
Microsoft Visual Studio Solution File, Format Version 12.00
# Visual Studio Version 16
VisualStudioVersion = 16.0.30204.135
MinimumVisualStudioVersion = 10.0.40219.1
Project("{FAE04EC0-301F-11D3-BF4B-00C04F79EFBC}") = "EditServer2", "EditServer2\EditServer2.csproj", "{8629E491-C465-4E40-A37F-87272ADC8741}"
EndProject
Project("{FAE04EC0-301F-11D3-BF4B-00C04F79EFBC}") = "MyLibrary", "..\Chat\MyLibrary\MyLibrary.csproj", "{FB950993-E8E2-4AAA-86DA-B2AB5A8203F3}"
EndProject
Global
	GlobalSection(SolutionConfigurationPlatforms) = preSolution
		Debug|Any CPU = Debug|Any CPU
		Release|Any CPU = Release|Any CPU
	EndGlobalSection
	GlobalSection(ProjectConfigurationPlatforms) = postSolution
		{8629E491-C465-4E40-A37F-87272ADC8741}.Debug|Any CPU.ActiveCfg = Debug|Any CPU
		{8629E491-C465-4E40-A37F-87272ADC8741}.Debug|Any CPU.Build.0 = Debug|Any CPU
		{8629E491-C465-4E40-A37F-87272ADC8741}.Release|Any CPU.ActiveCfg = Release|Any CPU
		{8629E491-C465-4E40-A37F-87272ADC8741}.Release|Any CPU.Build.0 = Release|Any CPU
		{FB950993-E8E2-4AAA-86DA-B2AB5A8203F3}.Debug|Any CPU.ActiveCfg = Debug|Any CPU
		{FB950993-E8E2-4AAA-86DA-B2AB5A8203F3}.Debug|Any CPU.Build.0 = Debug|Any CPU
		{FB950993-E8E2-4AAA-86DA-B2AB5A8203F3}.Release|Any CPU.ActiveCfg = Release|Any CPU
		{FB950993-E8E2-4AAA-86DA-B2AB5A8203F3}.Release|Any CPU.Build.0 = Release|Any CPU
	EndGlobalSection
	GlobalSection(SolutionProperties) = preSolution
		HideSolutionNode = FALSE
	EndGlobalSection
	GlobalSection(ExtensibilityGlobals) = postSolution
		SolutionGuid = {E975C403-5A80-49EE-8340-57B886EFD42F}
	EndGlobalSection
EndGlobal
